
Microsoft Visual Studio Solution File, Format Version 12.00
# Visual Studio 2013
VisualStudioVersion = 12.0.30501.0
MinimumVisualStudioVersion = 10.0.40219.1
Project("{FAE04EC0-301F-11D3-BF4B-00C04F79EFBC}") = "GrandCircusDemoAOK", "GrandCircusDemoAOK\GrandCircusDemoAOK.csproj", "{BF9517E9-9A69-4072-8C21-35BD91FFD39B}"
EndProject
Project("{FAE04EC0-301F-11D3-BF4B-00C04F79EFBC}") = "GrandCircusDemoAOK.Tests", "GrandCircusDemoAOK.Tests\GrandCircusDemoAOK.Tests.csproj", "{C85712B6-652C-4F51-89CE-1E7FE99B92E3}"
EndProject
Global
	GlobalSection(SolutionConfigurationPlatforms) = preSolution
		Debug|Any CPU = Debug|Any CPU
		Release|Any CPU = Release|Any CPU
	EndGlobalSection
	GlobalSection(ProjectConfigurationPlatforms) = postSolution
		{BF9517E9-9A69-4072-8C21-35BD91FFD39B}.Debug|Any CPU.ActiveCfg = Debug|Any CPU
		{BF9517E9-9A69-4072-8C21-35BD91FFD39B}.Debug|Any CPU.Build.0 = Debug|Any CPU
		{BF9517E9-9A69-4072-8C21-35BD91FFD39B}.Release|Any CPU.ActiveCfg = Release|Any CPU
		{BF9517E9-9A69-4072-8C21-35BD91FFD39B}.Release|Any CPU.Build.0 = Release|Any CPU
		{C85712B6-652C-4F51-89CE-1E7FE99B92E3}.Debug|Any CPU.ActiveCfg = Debug|Any CPU
		{C85712B6-652C-4F51-89CE-1E7FE99B92E3}.Debug|Any CPU.Build.0 = Debug|Any CPU
		{C85712B6-652C-4F51-89CE-1E7FE99B92E3}.Release|Any CPU.ActiveCfg = Release|Any CPU
		{C85712B6-652C-4F51-89CE-1E7FE99B92E3}.Release|Any CPU.Build.0 = Release|Any CPU
	EndGlobalSection
	GlobalSection(SolutionProperties) = preSolution
		HideSolutionNode = FALSE
	EndGlobalSection
EndGlobal
